
Microsoft Visual Studio Solution File, Format Version 12.00
# Visual Studio 2012
Project("{FAE04EC0-301F-11D3-BF4B-00C04F79EFBC}") = "quinieleros", "quinieleros\quinieleros.csproj", "{F20FB6E9-5F51-4A01-8CCE-4983805AAFFA}"
EndProject
Project("{FAE04EC0-301F-11D3-BF4B-00C04F79EFBC}") = "quinieleros.iOS", "iOS\quinieleros.iOS.csproj", "{CAD0A213-5AE5-49E7-90BB-81D9075F108D}"
EndProject
Project("{FAE04EC0-301F-11D3-BF4B-00C04F79EFBC}") = "quinieleros.Droid", "Droid\quinieleros.Droid.csproj", "{67F18E02-359B-46AB-A270-116A8AEB107C}"
EndProject
Project("{FAE04EC0-301F-11D3-BF4B-00C04F79EFBC}") = "quinieleros.models", "quinieleros.models\quinieleros.models.csproj", "{7A0EC1EF-6300-47C9-B49A-69A3D32FBDF9}"
EndProject
Global
	GlobalSection(SolutionConfigurationPlatforms) = preSolution
		Debug|Any CPU = Debug|Any CPU
		Release|Any CPU = Release|Any CPU
		Debug|iPhoneSimulator = Debug|iPhoneSimulator
		Release|iPhone = Release|iPhone
		Release|iPhoneSimulator = Release|iPhoneSimulator
		Debug|iPhone = Debug|iPhone
	EndGlobalSection
	GlobalSection(ProjectConfigurationPlatforms) = postSolution
		{67F18E02-359B-46AB-A270-116A8AEB107C}.Debug|Any CPU.ActiveCfg = Debug|Any CPU
		{67F18E02-359B-46AB-A270-116A8AEB107C}.Debug|Any CPU.Build.0 = Debug|Any CPU
		{67F18E02-359B-46AB-A270-116A8AEB107C}.Debug|iPhone.ActiveCfg = Debug|Any CPU
		{67F18E02-359B-46AB-A270-116A8AEB107C}.Debug|iPhone.Build.0 = Debug|Any CPU
		{67F18E02-359B-46AB-A270-116A8AEB107C}.Debug|iPhoneSimulator.ActiveCfg = Debug|Any CPU
		{67F18E02-359B-46AB-A270-116A8AEB107C}.Debug|iPhoneSimulator.Build.0 = Debug|Any CPU
		{67F18E02-359B-46AB-A270-116A8AEB107C}.Release|Any CPU.ActiveCfg = Release|Any CPU
		{67F18E02-359B-46AB-A270-116A8AEB107C}.Release|Any CPU.Build.0 = Release|Any CPU
		{67F18E02-359B-46AB-A270-116A8AEB107C}.Release|iPhone.ActiveCfg = Release|Any CPU
		{67F18E02-359B-46AB-A270-116A8AEB107C}.Release|iPhone.Build.0 = Release|Any CPU
		{67F18E02-359B-46AB-A270-116A8AEB107C}.Release|iPhoneSimulator.ActiveCfg = Release|Any CPU
		{67F18E02-359B-46AB-A270-116A8AEB107C}.Release|iPhoneSimulator.Build.0 = Release|Any CPU
		{7A0EC1EF-6300-47C9-B49A-69A3D32FBDF9}.Debug|Any CPU.ActiveCfg = Debug|Any CPU
		{7A0EC1EF-6300-47C9-B49A-69A3D32FBDF9}.Debug|Any CPU.Build.0 = Debug|Any CPU
		{7A0EC1EF-6300-47C9-B49A-69A3D32FBDF9}.Debug|iPhone.ActiveCfg = Debug|Any CPU
		{7A0EC1EF-6300-47C9-B49A-69A3D32FBDF9}.Debug|iPhone.Build.0 = Debug|Any CPU
		{7A0EC1EF-6300-47C9-B49A-69A3D32FBDF9}.Debug|iPhoneSimulator.ActiveCfg = Debug|Any CPU
		{7A0EC1EF-6300-47C9-B49A-69A3D32FBDF9}.Debug|iPhoneSimulator.Build.0 = Debug|Any CPU
		{7A0EC1EF-6300-47C9-B49A-69A3D32FBDF9}.Release|Any CPU.ActiveCfg = Release|Any CPU
		{7A0EC1EF-6300-47C9-B49A-69A3D32FBDF9}.Release|Any CPU.Build.0 = Release|Any CPU
		{7A0EC1EF-6300-47C9-B49A-69A3D32FBDF9}.Release|iPhone.ActiveCfg = Release|Any CPU
		{7A0EC1EF-6300-47C9-B49A-69A3D32FBDF9}.Release|iPhone.Build.0 = Release|Any CPU
		{7A0EC1EF-6300-47C9-B49A-69A3D32FBDF9}.Release|iPhoneSimulator.ActiveCfg = Release|Any CPU
		{7A0EC1EF-6300-47C9-B49A-69A3D32FBDF9}.Release|iPhoneSimulator.Build.0 = Release|Any CPU
		{CAD0A213-5AE5-49E7-90BB-81D9075F108D}.Debug|Any CPU.ActiveCfg = Debug|iPhoneSimulator
		{CAD0A213-5AE5-49E7-90BB-81D9075F108D}.Debug|Any CPU.Build.0 = Debug|iPhoneSimulator
		{CAD0A213-5AE5-49E7-90BB-81D9075F108D}.Debug|iPhone.ActiveCfg = Debug|iPhone
		{CAD0A213-5AE5-49E7-90BB-81D9075F108D}.Debug|iPhone.Build.0 = Debug|iPhone
		{CAD0A213-5AE5-49E7-90BB-81D9075F108D}.Debug|iPhoneSimulator.ActiveCfg = Debug|iPhoneSimulator
		{CAD0A213-5AE5-49E7-90BB-81D9075F108D}.Debug|iPhoneSimulator.Build.0 = Debug|iPhoneSimulator
		{CAD0A213-5AE5-49E7-90BB-81D9075F108D}.Release|Any CPU.ActiveCfg = Release|iPhone
		{CAD0A213-5AE5-49E7-90BB-81D9075F108D}.Release|Any CPU.Build.0 = Release|iPhone
		{CAD0A213-5AE5-49E7-90BB-81D9075F108D}.Release|iPhone.ActiveCfg = Release|iPhone
		{CAD0A213-5AE5-49E7-90BB-81D9075F108D}.Release|iPhone.Build.0 = Release|iPhone
		{CAD0A213-5AE5-49E7-90BB-81D9075F108D}.Release|iPhoneSimulator.ActiveCfg = Release|iPhoneSimulator
		{CAD0A213-5AE5-49E7-90BB-81D9075F108D}.Release|iPhoneSimulator.Build.0 = Release|iPhoneSimulator
		{F20FB6E9-5F51-4A01-8CCE-4983805AAFFA}.Debug|Any CPU.ActiveCfg = Debug|Any CPU
		{F20FB6E9-5F51-4A01-8CCE-4983805AAFFA}.Debug|Any CPU.Build.0 = Debug|Any CPU
		{F20FB6E9-5F51-4A01-8CCE-4983805AAFFA}.Debug|iPhone.ActiveCfg = Debug|Any CPU
		{F20FB6E9-5F51-4A01-8CCE-4983805AAFFA}.Debug|iPhone.Build.0 = Debug|Any CPU
		{F20FB6E9-5F51-4A01-8CCE-4983805AAFFA}.Debug|iPhoneSimulator.ActiveCfg = Debug|Any CPU
		{F20FB6E9-5F51-4A01-8CCE-4983805AAFFA}.Debug|iPhoneSimulator.Build.0 = Debug|Any CPU
		{F20FB6E9-5F51-4A01-8CCE-4983805AAFFA}.Release|Any CPU.ActiveCfg = Release|Any CPU
		{F20FB6E9-5F51-4A01-8CCE-4983805AAFFA}.Release|Any CPU.Build.0 = Release|Any CPU
		{F20FB6E9-5F51-4A01-8CCE-4983805AAFFA}.Release|iPhone.ActiveCfg = Release|Any CPU
		{F20FB6E9-5F51-4A01-8CCE-4983805AAFFA}.Release|iPhone.Build.0 = Release|Any CPU
		{F20FB6E9-5F51-4A01-8CCE-4983805AAFFA}.Release|iPhoneSimulator.ActiveCfg = Release|Any CPU
		{F20FB6E9-5F51-4A01-8CCE-4983805AAFFA}.Release|iPhoneSimulator.Build.0 = Release|Any CPU
	EndGlobalSection
EndGlobal
